// !$*UTF8*$!
{
	archiveVersion = 1;
	classes = {
	};
	objectVersion = 50;
	objects = {

/* Begin PBXBuildFile section */
		D52FD24922320EE4008F9A0D /* AppDelegate.swift in Sources */ = {isa = PBXBuildFile; fileRef = D52FD24822320EE4008F9A0D /* AppDelegate.swift */; };
		D52FD24E22320EE4008F9A0D /* Main.storyboard in Resources */ = {isa = PBXBuildFile; fileRef = D52FD24C22320EE4008F9A0D /* Main.storyboard */; };
		D52FD25122320EE4008F9A0D /* Colors.xcdatamodeld in Sources */ = {isa = PBXBuildFile; fileRef = D52FD24F22320EE4008F9A0D /* Colors.xcdatamodeld */; };
		D52FD25322320EE4008F9A0D /* Assets.xcassets in Resources */ = {isa = PBXBuildFile; fileRef = D52FD25222320EE4008F9A0D /* Assets.xcassets */; };
		D52FD25622320EE4008F9A0D /* LaunchScreen.storyboard in Resources */ = {isa = PBXBuildFile; fileRef = D52FD25422320EE4008F9A0D /* LaunchScreen.storyboard */; };
		D52FD26122320EE4008F9A0D /* ColorsUITests.swift in Sources */ = {isa = PBXBuildFile; fileRef = D52FD26022320EE4008F9A0D /* ColorsUITests.swift */; };
		D52FD26E22321A27008F9A0D /* ColorsViewController.swift in Sources */ = {isa = PBXBuildFile; fileRef = D52FD26D22321A27008F9A0D /* ColorsViewController.swift */; };
		D55B5D612258371000202531 /* ColorDetailViewController.swift in Sources */ = {isa = PBXBuildFile; fileRef = D55B5D602258371000202531 /* ColorDetailViewController.swift */; };
		D55B5D6322583DC000202531 /* Color.swift in Sources */ = {isa = PBXBuildFile; fileRef = D55B5D6222583DC000202531 /* Color.swift */; };
/* End PBXBuildFile section */

/* Begin PBXContainerItemProxy section */
		D52FD25D22320EE4008F9A0D /* PBXContainerItemProxy */ = {
			isa = PBXContainerItemProxy;
			containerPortal = D52FD23D22320EE4008F9A0D /* Project object */;
			proxyType = 1;
			remoteGlobalIDString = D52FD24422320EE4008F9A0D;
			remoteInfo = Colors;
		};
/* End PBXContainerItemProxy section */

/* Begin PBXFileReference section */
		D52FD24522320EE4008F9A0D /* Colors.app */ = {isa = PBXFileReference; explicitFileType = wrapper.application; includeInIndex = 0; path = Colors.app; sourceTree = BUILT_PRODUCTS_DIR; };
		D52FD24822320EE4008F9A0D /* AppDelegate.swift */ = {isa = PBXFileReference; lastKnownFileType = sourcecode.swift; path = AppDelegate.swift; sourceTree = "<group>"; };
		D52FD24D22320EE4008F9A0D /* Base */ = {isa = PBXFileReference; lastKnownFileType = file.storyboard; name = Base; path = Base.lproj/Main.storyboard; sourceTree = "<group>"; };
		D52FD25022320EE4008F9A0D /* Colors.xcdatamodel */ = {isa = PBXFileReference; lastKnownFileType = wrapper.xcdatamodel; path = Colors.xcdatamodel; sourceTree = "<group>"; };
		D52FD25222320EE4008F9A0D /* Assets.xcassets */ = {isa = PBXFileReference; lastKnownFileType = folder.assetcatalog; path = Assets.xcassets; sourceTree = "<group>"; };
		D52FD25522320EE4008F9A0D /* Base */ = {isa = PBXFileReference; lastKnownFileType = file.storyboard; name = Base; path = Base.lproj/LaunchScreen.storyboard; sourceTree = "<group>"; };
		D52FD25722320EE4008F9A0D /* Info.plist */ = {isa = PBXFileReference; lastKnownFileType = text.plist.xml; path = Info.plist; sourceTree = "<group>"; };
		D52FD25C22320EE4008F9A0D /* ColorsUITests.xctest */ = {isa = PBXFileReference; explicitFileType = wrapper.cfbundle; includeInIndex = 0; path = ColorsUITests.xctest; sourceTree = BUILT_PRODUCTS_DIR; };
		D52FD26022320EE4008F9A0D /* ColorsUITests.swift */ = {isa = PBXFileReference; lastKnownFileType = sourcecode.swift; path = ColorsUITests.swift; sourceTree = "<group>"; };
		D52FD26222320EE4008F9A0D /* Info.plist */ = {isa = PBXFileReference; lastKnownFileType = text.plist.xml; path = Info.plist; sourceTree = "<group>"; };
		D52FD26D22321A27008F9A0D /* ColorsViewController.swift */ = {isa = PBXFileReference; lastKnownFileType = sourcecode.swift; path = ColorsViewController.swift; sourceTree = "<group>"; };
		D55B5D602258371000202531 /* ColorDetailViewController.swift */ = {isa = PBXFileReference; lastKnownFileType = sourcecode.swift; path = ColorDetailViewController.swift; sourceTree = "<group>"; };
		D55B5D6222583DC000202531 /* Color.swift */ = {isa = PBXFileReference; lastKnownFileType = sourcecode.swift; path = Color.swift; sourceTree = "<group>"; };
/* End PBXFileReference section */

/* Begin PBXFrameworksBuildPhase section */
		D52FD24222320EE4008F9A0D /* Frameworks */ = {
			isa = PBXFrameworksBuildPhase;
			buildActionMask = 2147483647;
			files = (
			);
			runOnlyForDeploymentPostprocessing = 0;
		};
		D52FD25922320EE4008F9A0D /* Frameworks */ = {
			isa = PBXFrameworksBuildPhase;
			buildActionMask = 2147483647;
			files = (
			);
			runOnlyForDeploymentPostprocessing = 0;
		};
/* End PBXFrameworksBuildPhase section */

/* Begin PBXGroup section */
		D52FD23C22320EE4008F9A0D = {
			isa = PBXGroup;
			children = (
				D52FD24722320EE4008F9A0D /* Colors */,
				D52FD25F22320EE4008F9A0D /* ColorsUITests */,
				D52FD24622320EE4008F9A0D /* Products */,
			);
			sourceTree = "<group>";
		};
		D52FD24622320EE4008F9A0D /* Products */ = {
			isa = PBXGroup;
			children = (
				D52FD24522320EE4008F9A0D /* Colors.app */,
				D52FD25C22320EE4008F9A0D /* ColorsUITests.xctest */,
			);
			name = Products;
			sourceTree = "<group>";
		};
		D52FD24722320EE4008F9A0D /* Colors */ = {
			isa = PBXGroup;
			children = (
				D52FD24822320EE4008F9A0D /* AppDelegate.swift */,
				D52FD24C22320EE4008F9A0D /* Main.storyboard */,
				D52FD25222320EE4008F9A0D /* Assets.xcassets */,
				D52FD25422320EE4008F9A0D /* LaunchScreen.storyboard */,
				D52FD25722320EE4008F9A0D /* Info.plist */,
				D52FD24F22320EE4008F9A0D /* Colors.xcdatamodeld */,
				D52FD26D22321A27008F9A0D /* ColorsViewController.swift */,
				D55B5D602258371000202531 /* ColorDetailViewController.swift */,
				D55B5D6222583DC000202531 /* Color.swift */,
			);
			path = Colors;
			sourceTree = "<group>";
		};
		D52FD25F22320EE4008F9A0D /* ColorsUITests */ = {
			isa = PBXGroup;
			children = (
				D52FD26022320EE4008F9A0D /* ColorsUITests.swift */,
				D52FD26222320EE4008F9A0D /* Info.plist */,
			);
			path = ColorsUITests;
			sourceTree = "<group>";
		};
/* End PBXGroup section */

/* Begin PBXNativeTarget section */
		D52FD24422320EE4008F9A0D /* Colors */ = {
			isa = PBXNativeTarget;
			buildConfigurationList = D52FD26522320EE4008F9A0D /* Build configuration list for PBXNativeTarget "Colors" */;
			buildPhases = (
				D52FD24122320EE4008F9A0D /* Sources */,
				D52FD24222320EE4008F9A0D /* Frameworks */,
				D52FD24322320EE4008F9A0D /* Resources */,
			);
			buildRules = (
			);
			dependencies = (
			);
			name = Colors;
			productName = Colors;
			productReference = D52FD24522320EE4008F9A0D /* Colors.app */;
			productType = "com.apple.product-type.application";
		};
		D52FD25B22320EE4008F9A0D /* ColorsUITests */ = {
			isa = PBXNativeTarget;
			buildConfigurationList = D52FD26822320EE4008F9A0D /* Build configuration list for PBXNativeTarget "ColorsUITests" */;
			buildPhases = (
				D52FD25822320EE4008F9A0D /* Sources */,
				D52FD25922320EE4008F9A0D /* Frameworks */,
				D52FD25A22320EE4008F9A0D /* Resources */,
			);
			buildRules = (
			);
			dependencies = (
				D52FD25E22320EE4008F9A0D /* PBXTargetDependency */,
			);
			name = ColorsUITests;
			productName = ColorsUITests;
			productReference = D52FD25C22320EE4008F9A0D /* ColorsUITests.xctest */;
			productType = "com.apple.product-type.bundle.ui-testing";
		};
/* End PBXNativeTarget section */

/* Begin PBXProject section */
		D52FD23D22320EE4008F9A0D /* Project object */ = {
			isa = PBXProject;
			attributes = {
				LastSwiftUpdateCheck = 1010;
				LastUpgradeCheck = 1010;
				ORGANIZATIONNAME = "Felipe Costa";
				TargetAttributes = {
					D52FD24422320EE4008F9A0D = {
						CreatedOnToolsVersion = 10.1;
					};
					D52FD25B22320EE4008F9A0D = {
						CreatedOnToolsVersion = 10.1;
						TestTargetID = D52FD24422320EE4008F9A0D;
					};
				};
			};
			buildConfigurationList = D52FD24022320EE4008F9A0D /* Build configuration list for PBXProject "Colors" */;
			compatibilityVersion = "Xcode 9.3";
			developmentRegion = en;
			hasScannedForEncodings = 0;
			knownRegions = (
				en,
				Base,
			);
			mainGroup = D52FD23C22320EE4008F9A0D;
			productRefGroup = D52FD24622320EE4008F9A0D /* Products */;
			projectDirPath = "";
			projectRoot = "";
			targets = (
				D52FD24422320EE4008F9A0D /* Colors */,
				D52FD25B22320EE4008F9A0D /* ColorsUITests */,
			);
		};
/* End PBXProject section */

/* Begin PBXResourcesBuildPhase section */
		D52FD24322320EE4008F9A0D /* Resources */ = {
			isa = PBXResourcesBuildPhase;
			buildActionMask = 2147483647;
			files = (
				D52FD25622320EE4008F9A0D /* LaunchScreen.storyboard in Resources */,
				D52FD25322320EE4008F9A0D /* Assets.xcassets in Resources */,
				D52FD24E22320EE4008F9A0D /* Main.storyboard in Resources */,
			);
			runOnlyForDeploymentPostprocessing = 0;
		};
		D52FD25A22320EE4008F9A0D /* Resources */ = {
			isa = PBXResourcesBuildPhase;
			buildActionMask = 2147483647;
			files = (
			);
			runOnlyForDeploymentPostprocessing = 0;
		};
/* End PBXResourcesBuildPhase section */

/* Begin PBXSourcesBuildPhase section */
		D52FD24122320EE4008F9A0D /* Sources */ = {
			isa = PBXSourcesBuildPhase;
			buildActionMask = 2147483647;
			files = (
				D52FD25122320EE4008F9A0D /* Colors.xcdatamodeld in Sources */,
				D52FD26E22321A27008F9A0D /* ColorsViewController.swift in Sources */,
				D52FD24922320EE4008F9A0D /* AppDelegate.swift in Sources */,
				D55B5D6322583DC000202531 /* Color.swift in Sources */,
				D55B5D612258371000202531 /* ColorDetailViewController.swift in Sources */,
			);
			runOnlyForDeploymentPostprocessing = 0;
		};
		D52FD25822320EE4008F9A0D /* Sources */ = {
			isa = PBXSourcesBuildPhase;
			buildActionMask = 2147483647;
			files = (
				D52FD26122320EE4008F9A0D /* ColorsUITests.swift in Sources */,
			);
			runOnlyForDeploymentPostprocessing = 0;
		};
/* End PBXSourcesBuildPhase section */

/* Begin PBXTargetDependency section */
		D52FD25E22320EE4008F9A0D /* PBXTargetDependency */ = {
			isa = PBXTargetDependency;
			target = D52FD24422320EE4008F9A0D /* Colors */;
			targetProxy = D52FD25D22320EE4008F9A0D /* PBXContainerItemProxy */;
		};
/* End PBXTargetDependency section */

/* Begin PBXVariantGroup section */
		D52FD24C22320EE4008F9A0D /* Main.storyboard */ = {
			isa = PBXVariantGroup;
			children = (
				D52FD24D22320EE4008F9A0D /* Base */,
			);
			name = Main.storyboard;
			sourceTree = "<group>";
		};
		D52FD25422320EE4008F9A0D /* LaunchScreen.storyboard */ = {
			isa = PBXVariantGroup;
			children = (
				D52FD25522320EE4008F9A0D /* Base */,
			);
			name = LaunchScreen.storyboard;
			sourceTree = "<group>";
		};
/* End PBXVariantGroup section */

/* Begin XCBuildConfiguration section */
		D52FD26322320EE4008F9A0D /* Debug */ = {
			isa = XCBuildConfiguration;
			buildSettings = {
				ALWAYS_SEARCH_USER_PATHS = NO;
				CLANG_ANALYZER_NONNULL = YES;
				CLANG_ANALYZER_NUMBER_OBJECT_CONVERSION = YES_AGGRESSIVE;
				CLANG_CXX_LANGUAGE_STANDARD = "gnu++14";
				CLANG_CXX_LIBRARY = "libc++";
				CLANG_ENABLE_MODULES = YES;
				CLANG_ENABLE_OBJC_ARC = YES;
				CLANG_ENABLE_OBJC_WEAK = YES;
				CLANG_WARN_BLOCK_CAPTURE_AUTORELEASING = YES;
				CLANG_WARN_BOOL_CONVERSION = YES;
				CLANG_WARN_COMMA = YES;
				CLANG_WARN_CONSTANT_CONVERSION = YES;
				CLANG_WARN_DEPRECATED_OBJC_IMPLEMENTATIONS = YES;
				CLANG_WARN_DIRECT_OBJC_ISA_USAGE = YES_ERROR;
				CLANG_WARN_DOCUMENTATION_COMMENTS = YES;
				CLANG_WARN_EMPTY_BODY = YES;
				CLANG_WARN_ENUM_CONVERSION = YES;
				CLANG_WARN_INFINITE_RECURSION = YES;
				CLANG_WARN_INT_CONVERSION = YES;
				CLANG_WARN_NON_LITERAL_NULL_CONVERSION = YES;
				CLANG_WARN_OBJC_IMPLICIT_RETAIN_SELF = YES;
				CLANG_WARN_OBJC_LITERAL_CONVERSION = YES;
				CLANG_WARN_OBJC_ROOT_CLASS = YES_ERROR;
				CLANG_WARN_RANGE_LOOP_ANALYSIS = YES;
				CLANG_WARN_STRICT_PROTOTYPES = YES;
				CLANG_WARN_SUSPICIOUS_MOVE = YES;
				CLANG_WARN_UNGUARDED_AVAILABILITY = YES_AGGRESSIVE;
				CLANG_WARN_UNREACHABLE_CODE = YES;
				CLANG_WARN__DUPLICATE_METHOD_MATCH = YES;
				CODE_SIGN_IDENTITY = "iPhone Developer";
				COPY_PHASE_STRIP = NO;
				DEBUG_INFORMATION_FORMAT = dwarf;
				ENABLE_STRICT_OBJC_MSGSEND = YES;
				ENABLE_TESTABILITY = YES;
				GCC_C_LANGUAGE_STANDARD = gnu11;
				GCC_DYNAMIC_NO_PIC = NO;
				GCC_NO_COMMON_BLOCKS = YES;
				GCC_OPTIMIZATION_LEVEL = 0;
				GCC_PREPROCESSOR_DEFINITIONS = (
					"DEBUG=1",
					"$(inherited)",
				);
				GCC_WARN_64_TO_32_BIT_CONVERSION = YES;
				GCC_WARN_ABOUT_RETURN_TYPE = YES_ERROR;
				GCC_WARN_UNDECLARED_SELECTOR = YES;
				GCC_WARN_UNINITIALIZED_AUTOS = YES_AGGRESSIVE;
				GCC_WARN_UNUSED_FUNCTION = YES;
				GCC_WARN_UNUSED_VARIABLE = YES;
				IPHONEOS_DEPLOYMENT_TARGET = 12.1;
				MTL_ENABLE_DEBUG_INFO = INCLUDE_SOURCE;
				MTL_FAST_MATH = YES;
				ONLY_ACTIVE_ARCH = YES;
				SDKROOT = iphoneos;
				SWIFT_ACTIVE_COMPILATION_CONDITIONS = DEBUG;
				SWIFT_OPTIMIZATION_LEVEL = "-Onone";
			};
			name = Debug;
		};
		D52FD26422320EE4008F9A0D /* Release */ = {
			isa = XCBuildConfiguration;
			buildSettings = {
				ALWAYS_SEARCH_USER_PATHS = NO;
				CLANG_ANALYZER_NONNULL = YES;
				CLANG_ANALYZER_NUMBER_OBJECT_CONVERSION = YES_AGGRESSIVE;
				CLANG_CXX_LANGUAGE_STANDARD = "gnu++14";
				CLANG_CXX_LIBRARY = "libc++";
				CLANG_ENABLE_MODULES = YES;
				CLANG_ENABLE_OBJC_ARC = YES;
				CLANG_ENABLE_OBJC_WEAK = YES;
				CLANG_WARN_BLOCK_CAPTURE_AUTORELEASING = YES;
				CLANG_WARN_BOOL_CONVERSION = YES;
				CLANG_WARN_COMMA = YES;
				CLANG_WARN_CONSTANT_CONVERSION = YES;
				CLANG_WARN_DEPRECATED_OBJC_IMPLEMENTATIONS = YES;
				CLANG_WARN_DIRECT_OBJC_ISA_USAGE = YES_ERROR;
				CLANG_WARN_DOCUMENTATION_COMMENTS = YES;
				CLANG_WARN_EMPTY_BODY = YES;
				CLANG_WARN_ENUM_CONVERSION = YES;
				CLANG_WARN_INFINITE_RECURSION = YES;
				CLANG_WARN_INT_CONVERSION = YES;
				CLANG_WARN_NON_LITERAL_NULL_CONVERSION = YES;
				CLANG_WARN_OBJC_IMPLICIT_RETAIN_SELF = YES;
				CLANG_WARN_OBJC_LITERAL_CONVERSION = YES;
				CLANG_WARN_OBJC_ROOT_CLASS = YES_ERROR;
				CLANG_WARN_RANGE_LOOP_ANALYSIS = YES;
				CLANG_WARN_STRICT_PROTOTYPES = YES;
				CLANG_WARN_SUSPICIOUS_MOVE = YES;
				CLANG_WARN_UNGUARDED_AVAILABILITY = YES_AGGRESSIVE;
				CLANG_WARN_UNREACHABLE_CODE = YES;
				CLANG_WARN__DUPLICATE_METHOD_MATCH = YES;
				CODE_SIGN_IDENTITY = "iPhone Developer";
				COPY_PHASE_STRIP = NO;
				DEBUG_INFORMATION_FORMAT = "dwarf-with-dsym";
				ENABLE_NS_ASSERTIONS = NO;
				ENABLE_STRICT_OBJC_MSGSEND = YES;
				GCC_C_LANGUAGE_STANDARD = gnu11;
				GCC_NO_COMMON_BLOCKS = YES;
				GCC_WARN_64_TO_32_BIT_CONVERSION = YES;
				GCC_WARN_ABOUT_RETURN_TYPE = YES_ERROR;
				GCC_WARN_UNDECLARED_SELECTOR = YES;
				GCC_WARN_UNINITIALIZED_AUTOS = YES_AGGRESSIVE;
				GCC_WARN_UNUSED_FUNCTION = YES;
				GCC_WARN_UNUSED_VARIABLE = YES;
				IPHONEOS_DEPLOYMENT_TARGET = 12.1;
				MTL_ENABLE_DEBUG_INFO = NO;
				MTL_FAST_MATH = YES;
				SDKROOT = iphoneos;
				SWIFT_COMPILATION_MODE = wholemodule;
				SWIFT_OPTIMIZATION_LEVEL = "-O";
				VALIDATE_PRODUCT = YES;
			};
			name = Release;
		};
		D52FD26622320EE4008F9A0D /* Debug */ = {
			isa = XCBuildConfiguration;
			buildSettings = {
				ASSETCATALOG_COMPILER_APPICON_NAME = AppIcon;
				CODE_SIGN_STYLE = Automatic;
				DEVELOPMENT_TEAM = 67M3TUBYTU;
				INFOPLIST_FILE = Colors/Info.plist;
				LD_RUNPATH_SEARCH_PATHS = (
					"$(inherited)",
					"@executable_path/Frameworks",
				);
				PRODUCT_BUNDLE_IDENTIFIER = fvc2m9.mizzou.Colors;
				PRODUCT_NAME = "$(TARGET_NAME)";
				SWIFT_VERSION = 4.2;
				TARGETED_DEVICE_FAMILY = "1,2";
			};
			name = Debug;
		};
		D52FD26722320EE4008F9A0D /* Release */ = {
			isa = XCBuildConfiguration;
			buildSettings = {
				ASSETCATALOG_COMPILER_APPICON_NAME = AppIcon;
				CODE_SIGN_STYLE = Automatic;
				DEVELOPMENT_TEAM = 67M3TUBYTU;
				INFOPLIST_FILE = Colors/Info.plist;
				LD_RUNPATH_SEARCH_PATHS = (
					"$(inherited)",
					"@executable_path/Frameworks",
				);
				PRODUCT_BUNDLE_IDENTIFIER = fvc2m9.mizzou.Colors;
				PRODUCT_NAME = "$(TARGET_NAME)";
				SWIFT_VERSION = 4.2;
				TARGETED_DEVICE_FAMILY = "1,2";
			};
			name = Release;
		};
		D52FD26922320EE4008F9A0D /* Debug */ = {
			isa = XCBuildConfiguration;
			buildSettings = {
				ALWAYS_EMBED_SWIFT_STANDARD_LIBRARIES = YES;
				CODE_SIGN_STYLE = Automatic;
				DEVELOPMENT_TEAM = 67M3TUBYTU;
				INFOPLIST_FILE = ColorsUITests/Info.plist;
				LD_RUNPATH_SEARCH_PATHS = (
					"$(inherited)",
					"@executable_path/Frameworks",
					"@loader_path/Frameworks",
				);
				PRODUCT_BUNDLE_IDENTIFIER = fvc2m9.mizzou.ColorsUITests;
				PRODUCT_NAME = "$(TARGET_NAME)";
				SWIFT_VERSION = 4.2;
				TARGETED_DEVICE_FAMILY = "1,2";
				TEST_TARGET_NAME = Colors;
			};
			name = Debug;
		};
		D52FD26A22320EE4008F9A0D /* Release */ = {
			isa = XCBuildConfiguration;
			buildSettings = {
				ALWAYS_EMBED_SWIFT_STANDARD_LIBRARIES = YES;
				CODE_SIGN_STYLE = Automatic;
				DEVELOPMENT_TEAM = 67M3TUBYTU;
				INFOPLIST_FILE = ColorsUITests/Info.plist;
				LD_RUNPATH_SEARCH_PATHS = (
					"$(inherited)",
					"@executable_path/Frameworks",
					"@loader_path/Frameworks",
				);
				PRODUCT_BUNDLE_IDENTIFIER = fvc2m9.mizzou.ColorsUITests;
				PRODUCT_NAME = "$(TARGET_NAME)";
				SWIFT_VERSION = 4.2;
				TARGETED_DEVICE_FAMILY = "1,2";
				TEST_TARGET_NAME = Colors;
			};
			name = Release;
		};
/* End XCBuildConfiguration section */

/* Begin XCConfigurationList section */
		D52FD24022320EE4008F9A0D /* Build configuration list for PBXProject "Colors" */ = {
			isa = XCConfigurationList;
			buildConfigurations = (
				D52FD26322320EE4008F9A0D /* Debug */,
				D52FD26422320EE4008F9A0D /* Release */,
			);
			defaultConfigurationIsVisible = 0;
			defaultConfigurationName = Release;
		};
		D52FD26522320EE4008F9A0D /* Build configuration list for PBXNativeTarget "Colors" */ = {
			isa = XCConfigurationList;
			buildConfigurations = (
				D52FD26622320EE4008F9A0D /* Debug */,
				D52FD26722320EE4008F9A0D /* Release */,
			);
			defaultConfigurationIsVisible = 0;
			defaultConfigurationName = Release;
		};
		D52FD26822320EE4008F9A0D /* Build configuration list for PBXNativeTarget "ColorsUITests" */ = {
			isa = XCConfigurationList;
			buildConfigurations = (
				D52FD26922320EE4008F9A0D /* Debug */,
				D52FD26A22320EE4008F9A0D /* Release */,
			);
			defaultConfigurationIsVisible = 0;
			defaultConfigurationName = Release;
		};
/* End XCConfigurationList section */

/* Begin XCVersionGroup section */
		D52FD24F22320EE4008F9A0D /* Colors.xcdatamodeld */ = {
			isa = XCVersionGroup;
			children = (
				D52FD25022320EE4008F9A0D /* Colors.xcdatamodel */,
			);
			currentVersion = D52FD25022320EE4008F9A0D /* Colors.xcdatamodel */;
			path = Colors.xcdatamodeld;
			sourceTree = "<group>";
			versionGroupType = wrapper.xcdatamodel;
		};
/* End XCVersionGroup section */
	};
	rootObject = D52FD23D22320EE4008F9A0D /* Project object */;
}
